
Microsoft Visual Studio Solution File, Format Version 12.00
# Visual Studio Version 16
VisualStudioVersion = 16.0.30804.86
MinimumVisualStudioVersion = 10.0.40219.1
Project("{FAE04EC0-301F-11D3-BF4B-00C04F79EFBC}") = "SampleCode", "SampleCode\SampleCode.csproj", "{9B5EA86C-C68D-4332-A312-CDF759C6A6CF}"
EndProject
Project("{FAE04EC0-301F-11D3-BF4B-00C04F79EFBC}") = "SampleCodeTest", "SampleCodeTest\SampleCodeTest.csproj", "{FA7C067F-CE89-4B7E-A901-859D66215219}"
EndProject
Global
	GlobalSection(SolutionConfigurationPlatforms) = preSolution
		Debug|Any CPU = Debug|Any CPU
		Release|Any CPU = Release|Any CPU
	EndGlobalSection
	GlobalSection(ProjectConfigurationPlatforms) = postSolution
		{9B5EA86C-C68D-4332-A312-CDF759C6A6CF}.Debug|Any CPU.ActiveCfg = Debug|Any CPU
		{9B5EA86C-C68D-4332-A312-CDF759C6A6CF}.Debug|Any CPU.Build.0 = Debug|Any CPU
		{9B5EA86C-C68D-4332-A312-CDF759C6A6CF}.Release|Any CPU.ActiveCfg = Release|Any CPU
		{9B5EA86C-C68D-4332-A312-CDF759C6A6CF}.Release|Any CPU.Build.0 = Release|Any CPU
		{FA7C067F-CE89-4B7E-A901-859D66215219}.Debug|Any CPU.ActiveCfg = Debug|Any CPU
		{FA7C067F-CE89-4B7E-A901-859D66215219}.Debug|Any CPU.Build.0 = Debug|Any CPU
		{FA7C067F-CE89-4B7E-A901-859D66215219}.Release|Any CPU.ActiveCfg = Release|Any CPU
		{FA7C067F-CE89-4B7E-A901-859D66215219}.Release|Any CPU.Build.0 = Release|Any CPU
	EndGlobalSection
	GlobalSection(SolutionProperties) = preSolution
		HideSolutionNode = FALSE
	EndGlobalSection
	GlobalSection(ExtensibilityGlobals) = postSolution
		SolutionGuid = {BFC7CCC2-C521-46E5-B7DF-FF94B5C6B7CC}
	EndGlobalSection
EndGlobal
